{
    "_readme": [
        "This file locks the dependencies of your project to a known state",
        "Read more about it at https://getcomposer.org/doc/01-basic-usage.md#composer-lock-the-lock-file",
        "This file is @generated automatically"
    ],
    "hash": "a7339ce45912d3255a50e3069878462a",
    "content-hash": "bc086b53c14f934e529ad71900b39214",
    "packages": [
        {
            "name": "container-interop/container-interop",
            "version": "1.1.0",
            "source": {
                "type": "git",
                "url": "https://github.com/container-interop/container-interop.git",
                "reference": "fc08354828f8fd3245f77a66b9e23a6bca48297e"
            },
            "dist": {
                "type": "zip",
                "url": "https://api.github.com/repos/container-interop/container-interop/zipball/fc08354828f8fd3245f77a66b9e23a6bca48297e",
                "reference": "fc08354828f8fd3245f77a66b9e23a6bca48297e",
                "shasum": ""
            },
            "type": "library",
            "autoload": {
                "psr-4": {
                    "Interop\\Container\\": "src/Interop/Container/"
                }
            },
            "notification-url": "https://packagist.org/downloads/",
            "license": [
                "MIT"
            ],
            "description": "Promoting the interoperability of container objects (DIC, SL, etc.)",
            "time": "2014-12-30 15:22:37"
        },
        {
            "name": "league/climate",
            "version": "3.2.1",
            "source": {
                "type": "git",
                "url": "https://github.com/thephpleague/climate.git",
                "reference": "b103fc8faa3780c802cc507d5f0ff534ecc94fb5"
            },
            "dist": {
                "type": "zip",
                "url": "https://api.github.com/repos/thephpleague/climate/zipball/b103fc8faa3780c802cc507d5f0ff534ecc94fb5",
                "reference": "b103fc8faa3780c802cc507d5f0ff534ecc94fb5",
                "shasum": ""
            },
            "require": {
                "php": ">=5.4.0",
                "seld/cli-prompt": "~1.0"
            },
            "require-dev": {
                "mikey179/vfsstream": "~1.4",
                "mockery/mockery": "~0.9",
                "phpunit/phpunit": "~4.6"
            },
            "type": "library",
            "autoload": {
                "psr-4": {
                    "League\\CLImate\\": "src/"
                }
            },
            "notification-url": "https://packagist.org/downloads/",
            "license": [
                "MIT"
            ],
            "authors": [
                {
                    "name": "Joe Tannenbaum",
                    "email": "hey@joe.codes",
                    "homepage": "http://joe.codes/",
                    "role": "Developer"
                }
            ],
            "description": "PHP's best friend for the terminal. CLImate allows you to easily output colored text, special formats, and more.",
            "keywords": [
                "cli",
                "colors",
                "command",
                "php",
                "terminal"
            ],
            "time": "2016-04-04 20:24:59"
        },
        {
            "name": "locomotivemtl/charcoal-admin",
            "version": "dev-master",
            "source": {
                "type": "git",
                "url": "https://github.com/locomotivemtl/charcoal-admin.git",
                "reference": "3d9270c41a767a283ea7ebfdf7e14e38f1b60cc0"
            },
            "dist": {
                "type": "zip",
                "url": "https://api.github.com/repos/locomotivemtl/charcoal-admin/zipball/3d9270c41a767a283ea7ebfdf7e14e38f1b60cc0",
                "reference": "3d9270c41a767a283ea7ebfdf7e14e38f1b60cc0",
                "shasum": ""
            },
            "require": {
                "locomotivemtl/charcoal-app": "~0.2",
                "locomotivemtl/charcoal-base": "dev-master",
                "locomotivemtl/charcoal-core": "dev-master",
                "locomotivemtl/charcoal-ui": "~0.1",
                "paragonie/random_compat": "^1.2",
                "php": ">=5.5.0",
                "zendframework/zend-permissions-acl": "^2.6"
            },
            "require-dev": {
                "phpunit/phpunit": "^4.8",
                "satooshi/php-coveralls": "~1.0.1",
                "squizlabs/php_codesniffer": "^2.4"
            },
            "type": "library",
            "autoload": {
                "psr-4": {
                    "Charcoal\\Admin\\": "src/Charcoal/Admin"
                }
            },
            "notification-url": "https://packagist.org/downloads/",
            "license": [
                "MIT"
            ],
            "authors": [
                {
                    "name": "Mathieu Ducharme",
                    "email": "mat@locomotive.ca"
                },
                {
                    "name": "Locomotive",
                    "homepage": "https://locomotive.ca"
                }
            ],
            "description": "The administration dashboard / backend for Charcoal",
            "homepage": "https://charcoal.locomotive.ca",
            "time": "2016-06-17 21:18:08"
        },
        {
            "name": "locomotivemtl/charcoal-app",
            "version": "0.2.5",
            "source": {
                "type": "git",
                "url": "https://github.com/locomotivemtl/charcoal-app.git",
                "reference": "171d417dbb7a3ded6c468bcde77ecee4cfc0b91a"
            },
            "dist": {
                "type": "zip",
                "url": "https://api.github.com/repos/locomotivemtl/charcoal-app/zipball/171d417dbb7a3ded6c468bcde77ecee4cfc0b91a",
                "reference": "171d417dbb7a3ded6c468bcde77ecee4cfc0b91a",
                "shasum": ""
            },
            "require": {
                "league/climate": "^3.2",
                "locomotivemtl/charcoal-config": "~0.6",
                "locomotivemtl/charcoal-factory": "~0.4",
                "locomotivemtl/charcoal-translation": "dev-master",
                "locomotivemtl/charcoal-view": "~0.1",
                "monolog/monolog": "^1.17",
                "php": ">=5.5.0",
                "slim/slim": "~3.4",
                "tedivm/stash": "~0.14"
            },
            "require-dev": {
                "phpunit/phpunit": "^4.8",
                "satooshi/php-coveralls": "~1.0.1",
                "squizlabs/php_codesniffer": "^2.4"
            },
            "bin": [
                "bin/charcoal"
            ],
            "type": "library",
            "extra": {
                "branch-alias": {
                    "dev-master": "0.1.x-dev"
                }
            },
            "autoload": {
                "psr-4": {
                    "Charcoal\\": "src/Charcoal/"
                }
            },
            "notification-url": "https://packagist.org/downloads/",
            "license": [
                "MIT"
            ],
            "authors": [
                {
                    "name": "Mathieu Ducharme",
                    "email": "mat@locomotive.ca"
                },
                {
                    "name": "Locomotive",
                    "homepage": "https://locomotive.ca"
                }
            ],
            "description": "Charcoal App, based on Slim 3",
            "homepage": "https://charcoal.locomotive.ca",
            "time": "2016-06-11 02:42:24"
        },
        {
            "name": "locomotivemtl/charcoal-base",
            "version": "dev-master",
            "source": {
                "type": "git",
                "url": "https://github.com/locomotivemtl/charcoal-base.git",
                "reference": "eb70f3493938e24f660dfc4ae99b97256a4e8628"
            },
            "dist": {
                "type": "zip",
                "url": "https://api.github.com/repos/locomotivemtl/charcoal-base/zipball/eb70f3493938e24f660dfc4ae99b97256a4e8628",
                "reference": "eb70f3493938e24f660dfc4ae99b97256a4e8628",
                "shasum": ""
            },
            "require": {
                "locomotivemtl/charcoal-core": "dev-master",
                "locomotivemtl/charcoal-translation": "dev-master",
                "php": ">=5.5.0"
            },
            "require-dev": {
                "locomotivemtl/charcoal-app": "^0.2.1",
                "phpunit/phpunit": "^4.8",
                "satooshi/php-coveralls": "~1.0.1",
                "squizlabs/php_codesniffer": "^2.4"
            },
            "type": "library",
            "autoload": {
                "psr-4": {
                    "Charcoal\\": "src/Charcoal"
                }
            },
            "notification-url": "https://packagist.org/downloads/",
            "license": [
                "MIT"
            ],
            "authors": [
                {
                    "name": "Mathieu Ducharme",
                    "email": "mat@locomotive.ca"
                },
                {
                    "name": "Locomotive",
                    "homepage": "https://locomotive.ca"
                }
            ],
            "description": "Charcoal Base (Project Requirement)",
            "homepage": "https://charcoal.locomotive.ca",
            "keywords": [
                "charcoal",
                "cms",
                "framework",
                "locomotive",
                "php"
            ],
            "time": "2016-06-14 19:45:54"
        },
        {
            "name": "locomotivemtl/charcoal-config",
            "version": "0.6",
            "source": {
                "type": "git",
                "url": "https://github.com/locomotivemtl/charcoal-config.git",
                "reference": "fc86f2c4cd598d10391dd770b86463f59dd25919"
            },
            "dist": {
                "type": "zip",
                "url": "https://api.github.com/repos/locomotivemtl/charcoal-config/zipball/fc86f2c4cd598d10391dd770b86463f59dd25919",
                "reference": "fc86f2c4cd598d10391dd770b86463f59dd25919",
                "shasum": ""
            },
            "require": {
                "container-interop/container-interop": "^1.1",
                "ext-json": "*",
                "ext-spl": "*",
                "php": ">=5.5.0"
            },
            "require-dev": {
                "phpunit/phpunit": "^4.8",
                "satooshi/php-coveralls": "~1.0.1",
                "squizlabs/php_codesniffer": "^2.4",
                "symfony/yaml": "^3.0"
            },
            "suggest": {
                "symfony/yaml": "To load and parse configuration files in yaml format."
            },
            "type": "library",
            "autoload": {
                "psr-4": {
                    "Charcoal\\": "src/Charcoal/"
                }
            },
            "notification-url": "https://packagist.org/downloads/",
            "license": [
                "MIT"
            ],
            "authors": [
                {
                    "name": "Mathieu Ducharme",
                    "email": "mat@locomotive.ca"
                },
                {
                    "name": "Locomotive",
                    "homepage": "https://locomotive.ca"
                }
            ],
            "description": "Configuration container for all things Charcoal",
            "homepage": "http://locomotivemtl.github.io/charcoal-config/",
            "time": "2016-05-11 01:52:40"
        },
        {
            "name": "locomotivemtl/charcoal-core",
            "version": "dev-master",
            "source": {
                "type": "git",
                "url": "https://github.com/locomotivemtl/charcoal-core.git",
                "reference": "96eb6200e7f2e97aa18de2a4e112761b1c838b78"
            },
            "dist": {
                "type": "zip",
                "url": "https://api.github.com/repos/locomotivemtl/charcoal-core/zipball/96eb6200e7f2e97aa18de2a4e112761b1c838b78",
                "reference": "96eb6200e7f2e97aa18de2a4e112761b1c838b78",
                "shasum": ""
            },
            "require": {
                "ext-mbstring": "*",
                "ext-pdo": "*",
                "locomotivemtl/charcoal-config": "~0.6",
                "locomotivemtl/charcoal-factory": "~0.4",
                "locomotivemtl/charcoal-property": "dev-master",
                "locomotivemtl/charcoal-translation": "dev-master",
                "locomotivemtl/charcoal-view": "~0.1",
                "php": ">=5.5.0",
                "psr/log": "^1.0"
            },
            "require-dev": {
                "cache/void-adapter": "^0.3.0",
                "phpunit/phpunit": "^4.8",
                "squizlabs/php_codesniffer": "^2.4"
            },
            "type": "library",
            "autoload": {
                "psr-4": {
                    "Charcoal\\": "src/Charcoal"
                }
            },
            "notification-url": "https://packagist.org/downloads/",
            "license": [
                "MIT"
            ],
            "authors": [
                {
                    "name": "Mathieu Ducharme",
                    "email": "mat@locomotive.ca"
                },
                {
                    "name": "Locomotive",
                    "homepage": "https://locomotive.ca"
                }
            ],
            "description": "Charcoal Web Framework",
            "homepage": "https://charcoal.locomotive.ca",
            "keywords": [
                "charcoal",
                "cms",
                "framework",
                "locomotive",
                "php"
            ],
            "time": "2016-06-16 12:30:00"
        },
        {
            "name": "locomotivemtl/charcoal-factory",
            "version": "0.4",
            "source": {
                "type": "git",
                "url": "https://github.com/locomotivemtl/charcoal-factory.git",
                "reference": "25ddb4186e65589a1e2f25debe14628faf5a3236"
            },
            "dist": {
                "type": "zip",
                "url": "https://api.github.com/repos/locomotivemtl/charcoal-factory/zipball/25ddb4186e65589a1e2f25debe14628faf5a3236",
                "reference": "25ddb4186e65589a1e2f25debe14628faf5a3236",
                "shasum": ""
            },
            "require": {
                "php": ">=5.5.0"
            },
            "require-dev": {
                "phpunit/phpunit": "^4.8",
                "satooshi/php-coveralls": "^1.0",
                "squizlabs/php_codesniffer": "^2.4"
            },
            "type": "library",
            "autoload": {
                "psr-4": {
                    "Charcoal\\": "src/Charcoal/"
                }
            },
            "notification-url": "https://packagist.org/downloads/",
            "license": [
                "MIT"
            ],
            "authors": [
                {
                    "name": "Mathieu Ducharme",
                    "email": "mat@locomotive.ca"
                },
                {
                    "name": "Locomotive",
                    "homepage": "http://locomotive.ca"
                }
            ],
            "description": "Charcoal object creation (Factory, AbstractFactory, Builder, Class Resolver)",
            "homepage": "https://charcoal.locomotive.ca",
            "time": "2016-05-26 11:41:18"
        },
        {
            "name": "locomotivemtl/charcoal-property",
            "version": "dev-master",
            "source": {
                "type": "git",
                "url": "https://github.com/locomotivemtl/charcoal-property.git",
                "reference": "fe64ecbe6913bf5be34be91ecffeb52e8637c290"
            },
            "dist": {
                "type": "zip",
                "url": "https://api.github.com/repos/locomotivemtl/charcoal-property/zipball/fe64ecbe6913bf5be34be91ecffeb52e8637c290",
                "reference": "fe64ecbe6913bf5be34be91ecffeb52e8637c290",
                "shasum": ""
            },
            "require": {
                "locomotivemtl/charcoal-config": "~0.6",
                "locomotivemtl/charcoal-core": "dev-master",
                "locomotivemtl/charcoal-factory": "~0.3",
                "php": ">=5.5.0"
            },
            "require-dev": {
                "cache/void-adapter": "^0.3.0",
                "phpunit/phpunit": "^4.8",
                "satooshi/php-coveralls": "~1.0.1",
                "squizlabs/php_codesniffer": "^2.6"
            },
            "type": "library",
            "autoload": {
                "psr-4": {
                    "Charcoal\\": "src/Charcoal/"
                }
            },
            "notification-url": "https://packagist.org/downloads/",
            "license": [
                "MIT"
            ],
            "authors": [
                {
                    "name": "Mathieu Ducharme",
                    "email": "mat@locomotive.ca"
                },
                {
                    "name": "Locomotive",
                    "homepage": "https://locomotive.ca"
                }
            ],
            "description": "Charcoal Property defines an object (provides metadata)",
            "homepage": "https://charcoal.locomotive.ca",
            "time": "2016-06-16 20:06:52"
        },
        {
            "name": "locomotivemtl/charcoal-translation",
            "version": "dev-master",
            "source": {
                "type": "git",
                "url": "https://github.com/locomotivemtl/charcoal-translation.git",
                "reference": "cb0a9e209ad5f9c718e081d2908924f9ffd862e7"
            },
            "dist": {
                "type": "zip",
                "url": "https://api.github.com/repos/locomotivemtl/charcoal-translation/zipball/cb0a9e209ad5f9c718e081d2908924f9ffd862e7",
                "reference": "cb0a9e209ad5f9c718e081d2908924f9ffd862e7",
                "shasum": ""
            },
            "require": {
                "locomotivemtl/charcoal-config": "~0.6",
                "locomotivemtl/charcoal-core": "dev-master",
                "php": ">=5.5.0",
                "psr/http-message": "^1.0",
                "psr/log": "^1.0"
            },
            "require-dev": {
                "monolog/monolog": "^1.17",
                "phpunit/phpunit": "^4.8",
                "satooshi/php-coveralls": "~1.0.1",
                "squizlabs/php_codesniffer": "^2.4"
            },
            "suggest": {
                "Symfony Translation": "For a well made translator."
            },
            "type": "library",
            "autoload": {
                "psr-4": {
                    "Charcoal\\": "src/Charcoal/"
                }
            },
            "notification-url": "https://packagist.org/downloads/",
            "license": [
                "MIT"
            ],
            "authors": [
                {
                    "name": "Mathieu Ducharme",
                    "email": "mat@locomotive.ca"
                },
                {
                    "name": "Locomotive",
                    "homepage": "https://locomotive.ca"
                }
            ],
            "description": "Charcoal Translations & Languages",
            "homepage": "https://charcoal.locomotive.ca",
            "time": "2016-05-11 03:11:18"
        },
        {
            "name": "locomotivemtl/charcoal-ui",
            "version": "0.1",
            "source": {
                "type": "git",
                "url": "https://github.com/locomotivemtl/charcoal-ui.git",
                "reference": "27c70395fdcbb7e3db82e1ad303262b57e011891"
            },
            "dist": {
                "type": "zip",
                "url": "https://api.github.com/repos/locomotivemtl/charcoal-ui/zipball/27c70395fdcbb7e3db82e1ad303262b57e011891",
                "reference": "27c70395fdcbb7e3db82e1ad303262b57e011891",
                "shasum": ""
            },
            "require": {
                "locomotivemtl/charcoal-config": "~0.6",
                "locomotivemtl/charcoal-factory": "~0.3",
                "locomotivemtl/charcoal-translation": "dev-master",
                "locomotivemtl/charcoal-view": "~0.1",
                "php": ">=5.5.0",
                "psr/log": "^1.0"
            },
            "require-dev": {
                "phpunit/phpunit": "^4.8",
                "pimple/pimple": "^3.0",
                "satooshi/php-coveralls": "~1.0.1",
                "squizlabs/php_codesniffer": "^2.4"
            },
            "suggest": {
                "pimple/pimple": "DI Container to register the various Service Providers."
            },
            "type": "library",
            "autoload": {
                "psr-4": {
                    "Charcoal\\": "src/Charcoal/"
                }
            },
            "notification-url": "https://packagist.org/downloads/",
            "license": [
                "MIT"
            ],
            "authors": [
                {
                    "name": "Mathieu Ducharme",
                    "email": "mat@locomotive.ca"
                },
                {
                    "name": "Locomotive",
                    "homepage": "https://locomotive.ca"
                }
            ],
            "description": "Ui tools (Dashboard, Layout, Form and Menu)",
            "homepage": "https://charcoal.locomotive.ca",
            "keywords": [
                "control",
                "dashboard",
                "form",
                "layout",
                "menu",
                "ui"
            ],
            "time": "2016-05-11 16:15:21"
        },
        {
            "name": "locomotivemtl/charcoal-view",
            "version": "0.1.2",
            "source": {
                "type": "git",
                "url": "https://github.com/locomotivemtl/charcoal-view.git",
                "reference": "b49b96602ecb6d4ffb6a7457a873214f0c973afc"
            },
            "dist": {
                "type": "zip",
                "url": "https://api.github.com/repos/locomotivemtl/charcoal-view/zipball/b49b96602ecb6d4ffb6a7457a873214f0c973afc",
                "reference": "b49b96602ecb6d4ffb6a7457a873214f0c973afc",
                "shasum": ""
            },
            "require": {
                "locomotivemtl/charcoal-config": "~0.4",
                "php": ">=5.5.0",
                "psr/http-message": "^1.0",
                "psr/log": "^1.0"
            },
            "require-dev": {
                "monolog/monolog": "^1.17",
                "mustache/mustache": "2.9.0",
                "phpunit/phpunit": "^4.8",
                "satooshi/php-coveralls": "dev-master",
                "squizlabs/php_codesniffer": "^2.4",
                "twig/twig": "^1.18"
            },
            "suggest": {
                "mustache/mustache": "For (optional, but default) Mustache templating support",
                "twig/twig": "For (optional) Twig templating support."
            },
            "type": "library",
            "autoload": {
                "psr-4": {
                    "Charcoal\\": "src/Charcoal/"
                }
            },
            "notification-url": "https://packagist.org/downloads/",
            "license": [
                "MIT"
            ],
            "authors": [
                {
                    "name": "Mathieu Ducharme",
                    "email": "mat@locomotive.ca"
                },
                {
                    "name": "Locomotive",
                    "homepage": "https://locomotive.ca"
                }
            ],
            "description": "Charcoal View (templates)",
            "homepage": "https://charcoal.locomotive.ca",
            "time": "2016-03-09 14:15:48"
        },
        {
            "name": "monolog/monolog",
            "version": "1.x-dev",
            "source": {
                "type": "git",
                "url": "https://github.com/Seldaek/monolog.git",
                "reference": "33df7889304575a7912935ada1beab36fa85a5d9"
            },
            "dist": {
                "type": "zip",
                "url": "https://api.github.com/repos/Seldaek/monolog/zipball/33df7889304575a7912935ada1beab36fa85a5d9",
                "reference": "33df7889304575a7912935ada1beab36fa85a5d9",
                "shasum": ""
            },
            "require": {
                "php": ">=5.3.0",
                "psr/log": "~1.0"
            },
            "provide": {
                "psr/log-implementation": "1.0.0"
            },
            "require-dev": {
                "aws/aws-sdk-php": "^2.4.9",
                "doctrine/couchdb": "~1.0@dev",
                "graylog2/gelf-php": "~1.0",
                "jakub-onderka/php-parallel-lint": "0.9",
                "php-amqplib/php-amqplib": "~2.4",
                "php-console/php-console": "^3.1.3",
                "phpunit/phpunit": "~4.5",
                "phpunit/phpunit-mock-objects": "2.3.0",
                "ruflin/elastica": ">=0.90 <3.0",
                "sentry/sentry": "^0.13",
                "swiftmailer/swiftmailer": "~5.3"
            },
            "suggest": {
                "aws/aws-sdk-php": "Allow sending log messages to AWS services like DynamoDB",
                "doctrine/couchdb": "Allow sending log messages to a CouchDB server",
                "ext-amqp": "Allow sending log messages to an AMQP server (1.0+ required)",
                "ext-mongo": "Allow sending log messages to a MongoDB server",
                "graylog2/gelf-php": "Allow sending log messages to a GrayLog2 server",
                "mongodb/mongodb": "Allow sending log messages to a MongoDB server via PHP Driver",
                "php-amqplib/php-amqplib": "Allow sending log messages to an AMQP server using php-amqplib",
                "php-console/php-console": "Allow sending log messages to Google Chrome",
                "rollbar/rollbar": "Allow sending log messages to Rollbar",
                "ruflin/elastica": "Allow sending log messages to an Elastic Search server",
                "sentry/sentry": "Allow sending log messages to a Sentry server"
            },
            "type": "library",
            "extra": {
                "branch-alias": {
                    "dev-master": "2.0.x-dev"
                }
            },
            "autoload": {
                "psr-4": {
                    "Monolog\\": "src/Monolog"
                }
            },
            "notification-url": "https://packagist.org/downloads/",
            "license": [
                "MIT"
            ],
            "authors": [
                {
                    "name": "Jordi Boggiano",
                    "email": "j.boggiano@seld.be",
                    "homepage": "http://seld.be"
                }
            ],
            "description": "Sends your logs to files, sockets, inboxes, databases and various web services",
            "homepage": "http://github.com/Seldaek/monolog",
            "keywords": [
                "log",
                "logging",
                "psr-3"
            ],
            "time": "2016-06-11 15:09:14"
        },
        {
            "name": "mustache/mustache",
            "version": "v2.10.0",
            "source": {
                "type": "git",
                "url": "https://github.com/bobthecow/mustache.php.git",
                "reference": "0bb2f76e2f34a8864a32be34c4ec66274d76c05e"
            },
            "dist": {
                "type": "zip",
                "url": "https://api.github.com/repos/bobthecow/mustache.php/zipball/0bb2f76e2f34a8864a32be34c4ec66274d76c05e",
                "reference": "0bb2f76e2f34a8864a32be34c4ec66274d76c05e",
                "shasum": ""
            },
            "require": {
                "php": ">=5.2.4"
            },
            "require-dev": {
                "fabpot/php-cs-fixer": "~1.6",
                "phpunit/phpunit": "~3.7|~4.0|~5.0"
            },
            "type": "library",
            "autoload": {
                "psr-0": {
                    "Mustache": "src/"
                }
            },
            "notification-url": "https://packagist.org/downloads/",
            "license": [
                "MIT"
            ],
            "authors": [
                {
                    "name": "Justin Hileman",
                    "email": "justin@justinhileman.info",
                    "homepage": "http://justinhileman.com"
                }
            ],
            "description": "A Mustache implementation in PHP.",
            "homepage": "https://github.com/bobthecow/mustache.php",
            "keywords": [
                "mustache",
                "templating"
            ],
            "time": "2016-02-27 19:22:46"
        },
        {
            "name": "nikic/fast-route",
            "version": "v1.0.1",
            "source": {
                "type": "git",
                "url": "https://github.com/nikic/FastRoute.git",
                "reference": "8ea928195fa9b907f0d6e48312d323c1a13cc2af"
            },
            "dist": {
                "type": "zip",
                "url": "https://api.github.com/repos/nikic/FastRoute/zipball/8ea928195fa9b907f0d6e48312d323c1a13cc2af",
                "reference": "8ea928195fa9b907f0d6e48312d323c1a13cc2af",
                "shasum": ""
            },
            "require": {
                "php": ">=5.4.0"
            },
            "type": "library",
            "autoload": {
                "psr-4": {
                    "FastRoute\\": "src/"
                },
                "files": [
                    "src/functions.php"
                ]
            },
            "notification-url": "https://packagist.org/downloads/",
            "license": [
                "BSD-3-Clause"
            ],
            "authors": [
                {
                    "name": "Nikita Popov",
                    "email": "nikic@php.net"
                }
            ],
            "description": "Fast request router for PHP",
            "keywords": [
                "router",
                "routing"
            ],
            "time": "2016-06-12 19:08:51"
        },
        {
            "name": "paragonie/random_compat",
            "version": "v1.x-dev",
            "source": {
                "type": "git",
                "url": "https://github.com/paragonie/random_compat.git",
                "reference": "1115ffa06bad72d01735d91f51eb022db556e205"
            },
            "dist": {
                "type": "zip",
                "url": "https://api.github.com/repos/paragonie/random_compat/zipball/1115ffa06bad72d01735d91f51eb022db556e205",
                "reference": "1115ffa06bad72d01735d91f51eb022db556e205",
                "shasum": ""
            },
            "require": {
                "php": ">=5.2.0"
            },
            "require-dev": {
                "phpunit/phpunit": "4.*|5.*"
            },
            "suggest": {
                "ext-libsodium": "Provides a modern crypto API that can be used to generate random bytes."
            },
            "type": "library",
            "autoload": {
                "files": [
                    "lib/random.php"
                ]
            },
            "notification-url": "https://packagist.org/downloads/",
            "license": [
                "MIT"
            ],
            "authors": [
                {
                    "name": "Paragon Initiative Enterprises",
                    "email": "security@paragonie.com",
                    "homepage": "https://paragonie.com"
                }
            ],
            "description": "PHP 5.x polyfill for random_bytes() and random_int() from PHP 7",
            "keywords": [
                "csprng",
                "pseudorandom",
                "random"
            ],
            "time": "2016-04-03 05:47:09"
        },
        {
            "name": "pimple/pimple",
            "version": "dev-master",
            "source": {
                "type": "git",
                "url": "https://github.com/silexphp/Pimple.git",
                "reference": "64e0f8320639b434baa073a40dd1e037e3286555"
            },
            "dist": {
                "type": "zip",
                "url": "https://api.github.com/repos/silexphp/Pimple/zipball/64e0f8320639b434baa073a40dd1e037e3286555",
                "reference": "64e0f8320639b434baa073a40dd1e037e3286555",
                "shasum": ""
            },
            "require": {
                "php": ">=5.3.0"
            },
            "type": "library",
            "extra": {
                "branch-alias": {
                    "dev-master": "3.0.x-dev"
                }
            },
            "autoload": {
                "psr-0": {
                    "Pimple": "src/"
                }
            },
            "notification-url": "https://packagist.org/downloads/",
            "license": [
                "MIT"
            ],
            "authors": [
                {
                    "name": "Fabien Potencier",
                    "email": "fabien@symfony.com"
                }
            ],
            "description": "Pimple, a simple Dependency Injection Container",
            "homepage": "http://pimple.sensiolabs.org",
            "keywords": [
                "container",
                "dependency injection"
            ],
            "time": "2015-09-11 15:11:22"
        },
        {
            "name": "psr/cache",
            "version": "dev-master",
            "source": {
                "type": "git",
                "url": "https://github.com/php-fig/cache.git",
                "reference": "9e66031f41fbbdda45ee11e93c45d480ccba3eb3"
            },
            "dist": {
                "type": "zip",
                "url": "https://api.github.com/repos/php-fig/cache/zipball/9e66031f41fbbdda45ee11e93c45d480ccba3eb3",
                "reference": "9e66031f41fbbdda45ee11e93c45d480ccba3eb3",
                "shasum": ""
            },
            "require": {
                "php": ">=5.3.0"
            },
            "type": "library",
            "extra": {
                "branch-alias": {
                    "dev-master": "1.0.x-dev"
                }
            },
            "autoload": {
                "psr-4": {
                    "Psr\\Cache\\": "src/"
                }
            },
            "notification-url": "https://packagist.org/downloads/",
            "license": [
                "MIT"
            ],
            "authors": [
                {
                    "name": "PHP-FIG",
                    "homepage": "http://www.php-fig.org/"
                }
            ],
            "description": "Common interface for caching libraries",
            "keywords": [
                "cache",
                "psr",
                "psr-6"
            ],
            "time": "2015-12-11 02:52:07"
        },
        {
            "name": "psr/http-message",
            "version": "dev-master",
            "source": {
                "type": "git",
                "url": "https://github.com/php-fig/http-message.git",
                "reference": "85d63699f0dbedb190bbd4b0d2b9dc707ea4c298"
            },
            "dist": {
                "type": "zip",
                "url": "https://api.github.com/repos/php-fig/http-message/zipball/85d63699f0dbedb190bbd4b0d2b9dc707ea4c298",
                "reference": "85d63699f0dbedb190bbd4b0d2b9dc707ea4c298",
                "shasum": ""
            },
            "require": {
                "php": ">=5.3.0"
            },
            "type": "library",
            "extra": {
                "branch-alias": {
                    "dev-master": "1.0.x-dev"
                }
            },
            "autoload": {
                "psr-4": {
                    "Psr\\Http\\Message\\": "src/"
                }
            },
            "notification-url": "https://packagist.org/downloads/",
            "license": [
                "MIT"
            ],
            "authors": [
                {
                    "name": "PHP-FIG",
                    "homepage": "http://www.php-fig.org/"
                }
            ],
            "description": "Common interface for HTTP messages",
            "keywords": [
                "http",
                "http-message",
                "psr",
                "psr-7",
                "request",
                "response"
            ],
            "time": "2015-05-04 20:22:00"
        },
        {
            "name": "psr/log",
            "version": "dev-master",
            "source": {
                "type": "git",
                "url": "https://github.com/php-fig/log.git",
                "reference": "d8e60a5619fff77f9669da8997697443ef1a1d7e"
            },
            "dist": {
                "type": "zip",
                "url": "https://api.github.com/repos/php-fig/log/zipball/d8e60a5619fff77f9669da8997697443ef1a1d7e",
                "reference": "d8e60a5619fff77f9669da8997697443ef1a1d7e",
                "shasum": ""
            },
            "require": {
                "php": ">=5.3.0"
            },
            "type": "library",
            "extra": {
                "branch-alias": {
                    "dev-master": "1.0.x-dev"
                }
            },
            "autoload": {
                "psr-4": {
                    "Psr\\Log\\": "Psr/Log/"
                }
            },
            "notification-url": "https://packagist.org/downloads/",
            "license": [
                "MIT"
            ],
            "authors": [
                {
                    "name": "PHP-FIG",
                    "homepage": "http://www.php-fig.org/"
                }
            ],
            "description": "Common interface for logging libraries",
            "homepage": "https://github.com/php-fig/log",
            "keywords": [
                "log",
                "psr",
                "psr-3"
            ],
            "time": "2016-01-06 21:40:42"
        },
        {
            "name": "seld/cli-prompt",
            "version": "dev-master",
            "source": {
                "type": "git",
                "url": "https://github.com/Seldaek/cli-prompt.git",
                "reference": "8cbe10923cae5bcd7c5a713f6703fc4727c8c1b4"
            },
            "dist": {
                "type": "zip",
                "url": "https://api.github.com/repos/Seldaek/cli-prompt/zipball/8cbe10923cae5bcd7c5a713f6703fc4727c8c1b4",
                "reference": "8cbe10923cae5bcd7c5a713f6703fc4727c8c1b4",
                "shasum": ""
            },
            "require": {
                "php": ">=5.3"
            },
            "type": "library",
            "extra": {
                "branch-alias": {
                    "dev-master": "1.x-dev"
                }
            },
            "autoload": {
                "psr-4": {
                    "Seld\\CliPrompt\\": "src/"
                }
            },
            "notification-url": "https://packagist.org/downloads/",
            "license": [
                "MIT"
            ],
            "authors": [
                {
                    "name": "Jordi Boggiano",
                    "email": "j.boggiano@seld.be"
                }
            ],
            "description": "Allows you to prompt for user input on the command line, and optionally hide the characters they type",
            "keywords": [
                "cli",
                "console",
                "hidden",
                "input",
                "prompt"
            ],
            "time": "2016-04-18 09:31:41"
        },
        {
            "name": "slim/slim",
            "version": "3.x-dev",
            "source": {
                "type": "git",
                "url": "https://github.com/slimphp/Slim.git",
                "reference": "30cfe3c07dac28ec1129c0577e64b90ba11a54c4"
            },
            "dist": {
                "type": "zip",
                "url": "https://api.github.com/repos/slimphp/Slim/zipball/30cfe3c07dac28ec1129c0577e64b90ba11a54c4",
                "reference": "30cfe3c07dac28ec1129c0577e64b90ba11a54c4",
                "shasum": ""
            },
            "require": {
                "container-interop/container-interop": "^1.1",
                "nikic/fast-route": "^1.0",
                "php": ">=5.5.0",
                "pimple/pimple": "^3.0",
                "psr/http-message": "^1.0"
            },
            "provide": {
                "psr/http-message-implementation": "1.0"
            },
            "require-dev": {
                "phpunit/phpunit": "^4.0",
                "squizlabs/php_codesniffer": "^2.5"
            },
            "type": "library",
            "autoload": {
                "psr-4": {
                    "Slim\\": "Slim"
                }
            },
            "notification-url": "https://packagist.org/downloads/",
            "license": [
                "MIT"
            ],
            "authors": [
                {
                    "name": "Rob Allen",
                    "email": "rob@akrabat.com",
                    "homepage": "http://akrabat.com"
                },
                {
                    "name": "Josh Lockhart",
                    "email": "hello@joshlockhart.com",
                    "homepage": "https://joshlockhart.com"
                },
                {
                    "name": "Gabriel Manricks",
                    "email": "gmanricks@me.com",
                    "homepage": "http://gabrielmanricks.com"
                },
                {
                    "name": "Andrew Smith",
                    "email": "a.smith@silentworks.co.uk",
                    "homepage": "http://silentworks.co.uk"
                }
            ],
            "description": "Slim is a PHP micro framework that helps you quickly write simple yet powerful web applications and APIs",
            "homepage": "http://slimframework.com",
            "keywords": [
                "api",
                "framework",
                "micro",
                "router"
            ],
            "time": "2016-05-26 08:20:33"
        },
        {
            "name": "tedivm/stash",
            "version": "v0.14.1",
            "source": {
                "type": "git",
                "url": "https://github.com/tedious/Stash.git",
                "reference": "bcb739b08b22571e35589ebe5403af9b89a33394"
            },
            "dist": {
                "type": "zip",
                "url": "https://api.github.com/repos/tedious/Stash/zipball/bcb739b08b22571e35589ebe5403af9b89a33394",
                "reference": "bcb739b08b22571e35589ebe5403af9b89a33394",
                "shasum": ""
            },
            "require": {
                "php": "^5.4|^7.0",
                "psr/cache": "~1.0"
            },
            "provide": {
                "psr/cache-implementation": "1.0.0"
            },
            "require-dev": {
                "fabpot/php-cs-fixer": "^1.9",
                "phpunit/phpunit": "4.8.*",
                "satooshi/php-coveralls": "1.0.*"
            },
            "type": "library",
            "autoload": {
                "psr-4": {
                    "Stash\\": "src/Stash/"
                }
            },
            "notification-url": "https://packagist.org/downloads/",
            "license": [
                "BSD-3-Clause"
            ],
            "authors": [
                {
                    "name": "Robert Hafner",
                    "email": "tedivm@tedivm.com"
                },
                {
                    "name": "Josh Hall-Bachner",
                    "email": "charlequin@gmail.com"
                }
            ],
            "description": "The place to keep your cache.",
            "homepage": "http://github.com/tedious/Stash",
            "keywords": [
                "apc",
                "cache",
                "caching",
                "memcached",
                "psr-6",
                "psr6",
                "redis",
                "sessions"
            ],
            "time": "2016-02-10 22:23:16"
        },
        {
            "name": "zendframework/zend-permissions-acl",
            "version": "dev-develop",
            "source": {
                "type": "git",
                "url": "https://github.com/zendframework/zend-permissions-acl.git",
                "reference": "ed0aad04d7fe196dcd7a8252e5475f693ceb7ac8"
            },
            "dist": {
                "type": "zip",
                "url": "https://api.github.com/repos/zendframework/zend-permissions-acl/zipball/ed0aad04d7fe196dcd7a8252e5475f693ceb7ac8",
                "reference": "ed0aad04d7fe196dcd7a8252e5475f693ceb7ac8",
                "shasum": ""
            },
            "require": {
                "php": "^5.5 || ^7.0"
            },
            "require-dev": {
                "fabpot/php-cs-fixer": "1.7.*",
                "phpunit/phpunit": "~4.0",
                "zendframework/zend-servicemanager": "^2.7.5 || ^3.0.3"
            },
            "suggest": {
                "zendframework/zend-servicemanager": "To support Zend\\Permissions\\Acl\\Assertion\\AssertionManager plugin manager usage"
            },
            "type": "library",
            "extra": {
                "branch-alias": {
                    "dev-master": "2.6-dev",
                    "dev-develop": "2.7-dev"
                }
            },
            "autoload": {
                "psr-4": {
                    "Zend\\Permissions\\Acl\\": "src/"
                }
            },
            "notification-url": "https://packagist.org/downloads/",
            "license": [
                "BSD-3-Clause"
            ],
            "description": "provides a lightweight and flexible access control list (ACL) implementation for privileges management",
            "homepage": "https://github.com/zendframework/zend-permissions-acl",
            "keywords": [
                "acl",
                "zf2"
            ],
            "time": "2016-03-07 15:49:46"
        }
    ],
    "packages-dev": [],
    "aliases": [],
    "minimum-stability": "dev",
    "stability-flags": {
        "locomotivemtl/charcoal-admin": 20
    },
    "prefer-stable": false,
    "prefer-lowest": false,
    "platform": {
        "php": ">=5.5.0"
    },
    "platform-dev": []
}
